
Microsoft Visual Studio Solution File, Format Version 12.00
# Visual Studio Version 17
VisualStudioVersion = 17.6.33513.286
MinimumVisualStudioVersion = 10.0.40219.1
Project("{2150E333-8FDC-42A3-9474-1A3956D46DE8}") = "Solution Items", "Solution Items", "{C3C026AD-0B78-4779-9DC4-F875B42A48F4}"
	ProjectSection(SolutionItems) = preProject
		CHANGELOG.md = CHANGELOG.md
	EndProjectSection
EndProject
Project("{9A19103F-16F7-4668-BE54-9A1E7A4F7556}") = "PnP.Framework", "PnP.Framework\PnP.Framework.csproj", "{6FA30A7C-87F0-4AD4-9D8D-BF275583C14D}"
EndProject
Project("{9A19103F-16F7-4668-BE54-9A1E7A4F7556}") = "PnP.Framework.Test", "PnP.Framework.Test\PnP.Framework.Test.csproj", "{567FBB1B-0E02-47C9-AD5B-657F18423D06}"
EndProject
Project("{9A19103F-16F7-4668-BE54-9A1E7A4F7556}") = "PnP.Framework.Modernization.Test", "PnP.Framework.Modernization.Test\PnP.Framework.Modernization.Test.csproj", "{2185B0F4-9423-4458-BFB6-7502D98A4259}"
EndProject
Global
	GlobalSection(SolutionConfigurationPlatforms) = preSolution
		Debug|Any CPU = Debug|Any CPU
		Release|Any CPU = Release|Any CPU
	EndGlobalSection
	GlobalSection(ProjectConfigurationPlatforms) = postSolution
		{6FA30A7C-87F0-4AD4-9D8D-BF275583C14D}.Debug|Any CPU.ActiveCfg = Debug|Any CPU
		{6FA30A7C-87F0-4AD4-9D8D-BF275583C14D}.Debug|Any CPU.Build.0 = Debug|Any CPU
		{6FA30A7C-87F0-4AD4-9D8D-BF275583C14D}.Release|Any CPU.ActiveCfg = Release|Any CPU
		{6FA30A7C-87F0-4AD4-9D8D-BF275583C14D}.Release|Any CPU.Build.0 = Release|Any CPU
		{567FBB1B-0E02-47C9-AD5B-657F18423D06}.Debug|Any CPU.ActiveCfg = Debug|Any CPU
		{567FBB1B-0E02-47C9-AD5B-657F18423D06}.Debug|Any CPU.Build.0 = Debug|Any CPU
		{567FBB1B-0E02-47C9-AD5B-657F18423D06}.Release|Any CPU.ActiveCfg = Release|Any CPU
		{567FBB1B-0E02-47C9-AD5B-657F18423D06}.Release|Any CPU.Build.0 = Release|Any CPU
		{2185B0F4-9423-4458-BFB6-7502D98A4259}.Debug|Any CPU.ActiveCfg = Debug|Any CPU
		{2185B0F4-9423-4458-BFB6-7502D98A4259}.Debug|Any CPU.Build.0 = Debug|Any CPU
		{2185B0F4-9423-4458-BFB6-7502D98A4259}.Release|Any CPU.ActiveCfg = Release|Any CPU
		{2185B0F4-9423-4458-BFB6-7502D98A4259}.Release|Any CPU.Build.0 = Release|Any CPU
	EndGlobalSection
	GlobalSection(SolutionProperties) = preSolution
		HideSolutionNode = FALSE
	EndGlobalSection
	GlobalSection(ExtensibilityGlobals) = postSolution
		SolutionGuid = {DAC6AA7A-8EB7-4887-9435-25A4AA3FEAC2}
	EndGlobalSection
EndGlobal
